{
  "name": "@nadir-ui/button",
  "version": "0.0.1",
  "lockfileVersion": 3,
  "requires": true,
  "packages": {
    "": {
      "name": "@nadir-ui/button",
      "version": "0.0.1",
      "license": "MIT",
      "dependencies": {
        "@nadir-ui/common": "file:../common",
        "@react-aria/button": "3.12.1",
        "clsx": "^2.1.1"
      },
      "devDependencies": {
        "@types/react": "19.0.10"
      },
      "peerDependencies": {
        "react": ">=19.0.0"
      }
    },
    "../common": {
      "name": "@nadir-ui/common",
      "version": "0.0.1",
      "license": "MIT",
      "devDependencies": {
        "@types/react": "^19.0.10"
      },
      "peerDependencies": {
        "react": ">=19.0.0",
        "react-dom": ">=19.0.0"
      }
    },
    "node_modules/@formatjs/ecma402-abstract": {
      "version": "2.3.3",
      "resolved": "https://registry.npmjs.org/@formatjs/ecma402-abstract/-/ecma402-abstract-2.3.3.tgz",
      "integrity": "sha512-pJT1OkhplSmvvr6i3CWTPvC/FGC06MbN5TNBfRO6Ox62AEz90eMq+dVvtX9Bl3jxCEkS0tATzDarRZuOLw7oFg==",
      "license": "MIT",
      "dependencies": {
        "@formatjs/fast-memoize": "2.2.6",
        "@formatjs/intl-localematcher": "0.6.0",
        "decimal.js": "10",
        "tslib": "2"
      }
    },
    "node_modules/@formatjs/fast-memoize": {
      "version": "2.2.6",
      "resolved": "https://registry.npmjs.org/@formatjs/fast-memoize/-/fast-memoize-2.2.6.tgz",
      "integrity": "sha512-luIXeE2LJbQnnzotY1f2U2m7xuQNj2DA8Vq4ce1BY9ebRZaoPB1+8eZ6nXpLzsxuW5spQxr7LdCg+CApZwkqkw==",
      "license": "MIT",
      "dependencies": {
        "tslib": "2"
      }
    },
    "node_modules/@formatjs/icu-messageformat-parser": {
      "version": "2.11.1",
      "resolved": "https://registry.npmjs.org/@formatjs/icu-messageformat-parser/-/icu-messageformat-parser-2.11.1.tgz",
      "integrity": "sha512-o0AhSNaOfKoic0Sn1GkFCK4MxdRsw7mPJ5/rBpIqdvcC7MIuyUSW8WChUEvrK78HhNpYOgqCQbINxCTumJLzZA==",
      "license": "MIT",
      "dependencies": {
        "@formatjs/ecma402-abstract": "2.3.3",
        "@formatjs/icu-skeleton-parser": "1.8.13",
        "tslib": "2"
      }
    },
    "node_modules/@formatjs/icu-skeleton-parser": {
      "version": "1.8.13",
      "resolved": "https://registry.npmjs.org/@formatjs/icu-skeleton-parser/-/icu-skeleton-parser-1.8.13.tgz",
      "integrity": "sha512-N/LIdTvVc1TpJmMt2jVg0Fr1F7Q1qJPdZSCs19unMskCmVQ/sa0H9L8PWt13vq+gLdLg1+pPsvBLydL1Apahjg==",
      "license": "MIT",
      "dependencies": {
        "@formatjs/ecma402-abstract": "2.3.3",
        "tslib": "2"
      }
    },
    "node_modules/@formatjs/intl-localematcher": {
      "version": "0.6.0",
      "resolved": "https://registry.npmjs.org/@formatjs/intl-localematcher/-/intl-localematcher-0.6.0.tgz",
      "integrity": "sha512-4rB4g+3hESy1bHSBG3tDFaMY2CH67iT7yne1e+0CLTsGLDcmoEWWpJjjpWVaYgYfYuohIRuo0E+N536gd2ZHZA==",
      "license": "MIT",
      "dependencies": {
        "tslib": "2"
      }
    },
    "node_modules/@internationalized/date": {
      "version": "3.7.0",
      "resolved": "https://registry.npmjs.org/@internationalized/date/-/date-3.7.0.tgz",
      "integrity": "sha512-VJ5WS3fcVx0bejE/YHfbDKR/yawZgKqn/if+oEeLqNwBtPzVB06olkfcnojTmEMX+gTpH+FlQ69SHNitJ8/erQ==",
      "license": "Apache-2.0",
      "dependencies": {
        "@swc/helpers": "^0.5.0"
      }
    },
    "node_modules/@internationalized/message": {
      "version": "3.1.6",
      "resolved": "https://registry.npmjs.org/@internationalized/message/-/message-3.1.6.tgz",
      "integrity": "sha512-JxbK3iAcTIeNr1p0WIFg/wQJjIzJt9l/2KNY/48vXV7GRGZSv3zMxJsce008fZclk2cDC8y0Ig3odceHO7EfNQ==",
      "license": "Apache-2.0",
      "dependencies": {
        "@swc/helpers": "^0.5.0",
        "intl-messageformat": "^10.1.0"
      }
    },
    "node_modules/@internationalized/number": {
      "version": "3.6.0",
      "resolved": "https://registry.npmjs.org/@internationalized/number/-/number-3.6.0.tgz",
      "integrity": "sha512-PtrRcJVy7nw++wn4W2OuePQQfTqDzfusSuY1QTtui4wa7r+rGVtR75pO8CyKvHvzyQYi3Q1uO5sY0AsB4e65Bw==",
      "license": "Apache-2.0",
      "dependencies": {
        "@swc/helpers": "^0.5.0"
      }
    },
    "node_modules/@internationalized/string": {
      "version": "3.2.5",
      "resolved": "https://registry.npmjs.org/@internationalized/string/-/string-3.2.5.tgz",
      "integrity": "sha512-rKs71Zvl2OKOHM+mzAFMIyqR5hI1d1O6BBkMK2/lkfg3fkmVh9Eeg0awcA8W2WqYqDOv6a86DIOlFpggwLtbuw==",
      "license": "Apache-2.0",
      "dependencies": {
        "@swc/helpers": "^0.5.0"
      }
    },
    "node_modules/@nadir-ui/common": {
      "resolved": "../common",
      "link": true
    },
    "node_modules/@react-aria/button": {
      "version": "3.12.1",
      "resolved": "https://registry.npmjs.org/@react-aria/button/-/button-3.12.1.tgz",
      "integrity": "sha512-IgCENCVUzjfI4nVgJ8T1z2oD81v3IO2Ku96jVljqZ/PWnFACsRikfLeo8xAob3F0LkRW4CTK4Tjy6BRDsy2l6A==",
      "license": "Apache-2.0",
      "dependencies": {
        "@react-aria/interactions": "^3.24.1",
        "@react-aria/toolbar": "3.0.0-beta.14",
        "@react-aria/utils": "^3.28.1",
        "@react-stately/toggle": "^3.8.2",
        "@react-types/button": "^3.11.0",
        "@react-types/shared": "^3.28.0",
        "@swc/helpers": "^0.5.0"
      },
      "peerDependencies": {
        "react": "^16.8.0 || ^17.0.0-rc.1 || ^18.0.0 || ^19.0.0-rc.1",
        "react-dom": "^16.8.0 || ^17.0.0-rc.1 || ^18.0.0 || ^19.0.0-rc.1"
      }
    },
    "node_modules/@react-aria/focus": {
      "version": "3.20.1",
      "resolved": "https://registry.npmjs.org/@react-aria/focus/-/focus-3.20.1.tgz",
      "integrity": "sha512-lgYs+sQ1TtBrAXnAdRBQrBo0/7o5H6IrfDxec1j+VRpcXL0xyk0xPq+m3lZp8typzIghqDgpnKkJ5Jf4OrzPIw==",
      "license": "Apache-2.0",
      "dependencies": {
        "@react-aria/interactions": "^3.24.1",
        "@react-aria/utils": "^3.28.1",
        "@react-types/shared": "^3.28.0",
        "@swc/helpers": "^0.5.0",
        "clsx": "^2.0.0"
      },
      "peerDependencies": {
        "react": "^16.8.0 || ^17.0.0-rc.1 || ^18.0.0 || ^19.0.0-rc.1",
        "react-dom": "^16.8.0 || ^17.0.0-rc.1 || ^18.0.0 || ^19.0.0-rc.1"
      }
    },
    "node_modules/@react-aria/i18n": {
      "version": "3.12.7",
      "resolved": "https://registry.npmjs.org/@react-aria/i18n/-/i18n-3.12.7.tgz",
      "integrity": "sha512-eLbYO2xrpeOKIEmLv2KD5LFcB0wltFqS+pUjsOzkKZg6H3b6AFDmJPxr/a0x2KGHtpGJvuHwCSbpPi9PzSSQLg==",
      "license": "Apache-2.0",
      "dependencies": {
        "@internationalized/date": "^3.7.0",
        "@internationalized/message": "^3.1.6",
        "@internationalized/number": "^3.6.0",
        "@internationalized/string": "^3.2.5",
        "@react-aria/ssr": "^3.9.7",
        "@react-aria/utils": "^3.28.1",
        "@react-types/shared": "^3.28.0",
        "@swc/helpers": "^0.5.0"
      },
      "peerDependencies": {
        "react": "^16.8.0 || ^17.0.0-rc.1 || ^18.0.0 || ^19.0.0-rc.1",
        "react-dom": "^16.8.0 || ^17.0.0-rc.1 || ^18.0.0 || ^19.0.0-rc.1"
      }
    },
    "node_modules/@react-aria/interactions": {
      "version": "3.24.1",
      "resolved": "https://registry.npmjs.org/@react-aria/interactions/-/interactions-3.24.1.tgz",
      "integrity": "sha512-OWEcIC6UQfWq4Td5Ptuh4PZQ4LHLJr/JL2jGYvuNL6EgL3bWvzPrRYIF/R64YbfVxIC7FeZpPSkS07sZ93/NoA==",
      "license": "Apache-2.0",
      "dependencies": {
        "@react-aria/ssr": "^3.9.7",
        "@react-aria/utils": "^3.28.1",
        "@react-stately/flags": "^3.1.0",
        "@react-types/shared": "^3.28.0",
        "@swc/helpers": "^0.5.0"
      },
      "peerDependencies": {
        "react": "^16.8.0 || ^17.0.0-rc.1 || ^18.0.0 || ^19.0.0-rc.1",
        "react-dom": "^16.8.0 || ^17.0.0-rc.1 || ^18.0.0 || ^19.0.0-rc.1"
      }
    },
    "node_modules/@react-aria/ssr": {
      "version": "3.9.7",
      "resolved": "https://registry.npmjs.org/@react-aria/ssr/-/ssr-3.9.7.tgz",
      "integrity": "sha512-GQygZaGlmYjmYM+tiNBA5C6acmiDWF52Nqd40bBp0Znk4M4hP+LTmI0lpI1BuKMw45T8RIhrAsICIfKwZvi2Gg==",
      "license": "Apache-2.0",
      "dependencies": {
        "@swc/helpers": "^0.5.0"
      },
      "engines": {
        "node": ">= 12"
      },
      "peerDependencies": {
        "react": "^16.8.0 || ^17.0.0-rc.1 || ^18.0.0 || ^19.0.0-rc.1"
      }
    },
    "node_modules/@react-aria/toolbar": {
      "version": "3.0.0-beta.14",
      "resolved": "https://registry.npmjs.org/@react-aria/toolbar/-/toolbar-3.0.0-beta.14.tgz",
      "integrity": "sha512-F9wFYhcbVUveo6+JfAjKyz19BnBaXBYG7YyZdGurhn5E1bD+Zrwz/ZCTrrx40xJsbofciCiiwnKiXmzB20Kl5Q==",
      "license": "Apache-2.0",
      "dependencies": {
        "@react-aria/focus": "^3.20.1",
        "@react-aria/i18n": "^3.12.7",
        "@react-aria/utils": "^3.28.1",
        "@react-types/shared": "^3.28.0",
        "@swc/helpers": "^0.5.0"
      },
      "peerDependencies": {
        "react": "^16.8.0 || ^17.0.0-rc.1 || ^18.0.0 || ^19.0.0-rc.1",
        "react-dom": "^16.8.0 || ^17.0.0-rc.1 || ^18.0.0 || ^19.0.0-rc.1"
      }
    },
    "node_modules/@react-aria/utils": {
      "version": "3.28.1",
      "resolved": "https://registry.npmjs.org/@react-aria/utils/-/utils-3.28.1.tgz",
      "integrity": "sha512-mnHFF4YOVu9BRFQ1SZSKfPhg3z+lBRYoW5mLcYTQihbKhz48+I1sqRkP7ahMITr8ANH3nb34YaMME4XWmK2Mgg==",
      "license": "Apache-2.0",
      "dependencies": {
        "@react-aria/ssr": "^3.9.7",
        "@react-stately/flags": "^3.1.0",
        "@react-stately/utils": "^3.10.5",
        "@react-types/shared": "^3.28.0",
        "@swc/helpers": "^0.5.0",
        "clsx": "^2.0.0"
      },
      "peerDependencies": {
        "react": "^16.8.0 || ^17.0.0-rc.1 || ^18.0.0 || ^19.0.0-rc.1",
        "react-dom": "^16.8.0 || ^17.0.0-rc.1 || ^18.0.0 || ^19.0.0-rc.1"
      }
    },
    "node_modules/@react-stately/flags": {
      "version": "3.1.0",
      "resolved": "https://registry.npmjs.org/@react-stately/flags/-/flags-3.1.0.tgz",
      "integrity": "sha512-KSHOCxTFpBtxhIRcKwsD1YDTaNxFtCYuAUb0KEihc16QwqZViq4hasgPBs2gYm7fHRbw7WYzWKf6ZSo/+YsFlg==",
      "license": "Apache-2.0",
      "dependencies": {
        "@swc/helpers": "^0.5.0"
      }
    },
    "node_modules/@react-stately/toggle": {
      "version": "3.8.2",
      "resolved": "https://registry.npmjs.org/@react-stately/toggle/-/toggle-3.8.2.tgz",
      "integrity": "sha512-5KPpT6zvt8H+WC9UbubhCTZltREeYb/3hKdl4YkS7BbSOQlHTFC0pOk8SsQU70Pwk26jeVHbl5le/N8cw00x8w==",
      "license": "Apache-2.0",
      "dependencies": {
        "@react-stately/utils": "^3.10.5",
        "@react-types/checkbox": "^3.9.2",
        "@react-types/shared": "^3.28.0",
        "@swc/helpers": "^0.5.0"
      },
      "peerDependencies": {
        "react": "^16.8.0 || ^17.0.0-rc.1 || ^18.0.0 || ^19.0.0-rc.1"
      }
    },
    "node_modules/@react-stately/utils": {
      "version": "3.10.5",
      "resolved": "https://registry.npmjs.org/@react-stately/utils/-/utils-3.10.5.tgz",
      "integrity": "sha512-iMQSGcpaecghDIh3mZEpZfoFH3ExBwTtuBEcvZ2XnGzCgQjeYXcMdIUwAfVQLXFTdHUHGF6Gu6/dFrYsCzySBQ==",
      "license": "Apache-2.0",
      "dependencies": {
        "@swc/helpers": "^0.5.0"
      },
      "peerDependencies": {
        "react": "^16.8.0 || ^17.0.0-rc.1 || ^18.0.0 || ^19.0.0-rc.1"
      }
    },
    "node_modules/@react-types/button": {
      "version": "3.11.0",
      "resolved": "https://registry.npmjs.org/@react-types/button/-/button-3.11.0.tgz",
      "integrity": "sha512-gJh5i0JiBiZGZGDo+tXMp6xbixPM7IKZ0sDuxTYBG49qNzzWJq0uNYltO3emwSVXFSsBgRV/Wu8kQGhfuN7wIw==",
      "license": "Apache-2.0",
      "dependencies": {
        "@react-types/shared": "^3.28.0"
      },
      "peerDependencies": {
        "react": "^16.8.0 || ^17.0.0-rc.1 || ^18.0.0 || ^19.0.0-rc.1"
      }
    },
    "node_modules/@react-types/checkbox": {
      "version": "3.9.2",
      "resolved": "https://registry.npmjs.org/@react-types/checkbox/-/checkbox-3.9.2.tgz",
      "integrity": "sha512-BruOLjr9s0BS2+G1Q2ZZ0ubnSTG54hZWr59lCHXaLxMdA/+KVsR6JVMQuYKsW0P8RDDlQXE/QGz3n9yB/Ara4A==",
      "license": "Apache-2.0",
      "dependencies": {
        "@react-types/shared": "^3.28.0"
      },
      "peerDependencies": {
        "react": "^16.8.0 || ^17.0.0-rc.1 || ^18.0.0 || ^19.0.0-rc.1"
      }
    },
    "node_modules/@react-types/shared": {
      "version": "3.28.0",
      "resolved": "https://registry.npmjs.org/@react-types/shared/-/shared-3.28.0.tgz",
      "integrity": "sha512-9oMEYIDc3sk0G5rysnYvdNrkSg7B04yTKl50HHSZVbokeHpnU0yRmsDaWb9B/5RprcKj8XszEk5guBO8Sa/Q+Q==",
      "license": "Apache-2.0",
      "peerDependencies": {
        "react": "^16.8.0 || ^17.0.0-rc.1 || ^18.0.0 || ^19.0.0-rc.1"
      }
    },
    "node_modules/@swc/helpers": {
      "version": "0.5.15",
      "resolved": "https://registry.npmjs.org/@swc/helpers/-/helpers-0.5.15.tgz",
      "integrity": "sha512-JQ5TuMi45Owi4/BIMAJBoSQoOJu12oOk/gADqlcUL9JEdHB8vyjUSsxqeNXnmXHjYKMi2WcYtezGEEhqUI/E2g==",
      "license": "Apache-2.0",
      "dependencies": {
        "tslib": "^2.8.0"
      }
    },
    "node_modules/@types/react": {
      "version": "19.0.10",
      "resolved": "https://registry.npmjs.org/@types/react/-/react-19.0.10.tgz",
      "integrity": "sha512-JuRQ9KXLEjaUNjTWpzuR231Z2WpIwczOkBEIvbHNCzQefFIT0L8IqE6NV6ULLyC1SI/i234JnDoMkfg+RjQj2g==",
      "dev": true,
      "license": "MIT",
      "dependencies": {
        "csstype": "^3.0.2"
      }
    },
    "node_modules/clsx": {
      "version": "2.1.1",
      "resolved": "https://registry.npmjs.org/clsx/-/clsx-2.1.1.tgz",
      "integrity": "sha512-eYm0QWBtUrBWZWG0d386OGAw16Z995PiOVo2B7bjWSbHedGl5e0ZWaq65kOGgUSNesEIDkB9ISbTg/JK9dhCZA==",
      "license": "MIT",
      "engines": {
        "node": ">=6"
      }
    },
    "node_modules/csstype": {
      "version": "3.1.3",
      "resolved": "https://registry.npmjs.org/csstype/-/csstype-3.1.3.tgz",
      "integrity": "sha512-M1uQkMl8rQK/szD0LNhtqxIPLpimGm8sOBwU7lLnCpSbTyY3yeU1Vc7l4KT5zT4s/yOxHH5O7tIuuLOCnLADRw==",
      "dev": true,
      "license": "MIT"
    },
    "node_modules/decimal.js": {
      "version": "10.5.0",
      "resolved": "https://registry.npmjs.org/decimal.js/-/decimal.js-10.5.0.tgz",
      "integrity": "sha512-8vDa8Qxvr/+d94hSh5P3IJwI5t8/c0KsMp+g8bNw9cY2icONa5aPfvKeieW1WlG0WQYwwhJ7mjui2xtiePQSXw==",
      "license": "MIT"
    },
    "node_modules/intl-messageformat": {
      "version": "10.7.15",
      "resolved": "https://registry.npmjs.org/intl-messageformat/-/intl-messageformat-10.7.15.tgz",
      "integrity": "sha512-LRyExsEsefQSBjU2p47oAheoKz+EOJxSLDdjOaEjdriajfHsMXOmV/EhMvYSg9bAgCUHasuAC+mcUBe/95PfIg==",
      "license": "BSD-3-Clause",
      "dependencies": {
        "@formatjs/ecma402-abstract": "2.3.3",
        "@formatjs/fast-memoize": "2.2.6",
        "@formatjs/icu-messageformat-parser": "2.11.1",
        "tslib": "2"
      }
    },
    "node_modules/react": {
      "version": "19.0.0",
      "resolved": "https://registry.npmjs.org/react/-/react-19.0.0.tgz",
      "integrity": "sha512-V8AVnmPIICiWpGfm6GLzCR/W5FXLchHop40W4nXBmdlEceh16rCN8O8LNWm5bh5XUX91fh7KpA+W0TgMKmgTpQ==",
      "license": "MIT",
      "peer": true,
      "engines": {
        "node": ">=0.10.0"
      }
    },
    "node_modules/react-dom": {
      "version": "19.0.0",
      "resolved": "https://registry.npmjs.org/react-dom/-/react-dom-19.0.0.tgz",
      "integrity": "sha512-4GV5sHFG0e/0AD4X+ySy6UJd3jVl1iNsNHdpad0qhABJ11twS3TTBnseqsKurKcsNqCEFeGL3uLpVChpIO3QfQ==",
      "license": "MIT",
      "peer": true,
      "dependencies": {
        "scheduler": "^0.25.0"
      },
      "peerDependencies": {
        "react": "^19.0.0"
      }
    },
    "node_modules/scheduler": {
      "version": "0.25.0",
      "resolved": "https://registry.npmjs.org/scheduler/-/scheduler-0.25.0.tgz",
      "integrity": "sha512-xFVuu11jh+xcO7JOAGJNOXld8/TcEHK/4CituBUeUb5hqxJLj9YuemAEuvm9gQ/+pgXYfbQuqAkiYu+u7YEsNA==",
      "license": "MIT",
      "peer": true
    },
    "node_modules/tslib": {
      "version": "2.8.1",
      "resolved": "https://registry.npmjs.org/tslib/-/tslib-2.8.1.tgz",
      "integrity": "sha512-oJFu94HQb+KVduSUQL7wnpmqnfmLsOA/nAh6b6EH0wCEoK0/mPeXU6c3wKDV83MkOuHPRHtSXKKU99IBazS/2w==",
      "license": "0BSD"
    }
  }
}
